
Microsoft Visual Studio Solution File, Format Version 12.00
# Visual Studio Version 17
VisualStudioVersion = 17.4.33213.308
MinimumVisualStudioVersion = 10.0.40219.1
Project("{FAE04EC0-301F-11D3-BF4B-00C04F79EFBC}") = "ContactList.API", "ContactList.API\ContactList.API.csproj", "{DB8B6CAF-4D5C-44F3-83BE-ADB371556F3D}"
EndProject
Project("{FAE04EC0-301F-11D3-BF4B-00C04F79EFBC}") = "ContactList.DAL", "ContactList.DAL\ContactList.DAL.csproj", "{68BAA723-4616-49F8-890D-B4E7E9A09FD3}"
EndProject
Project("{FAE04EC0-301F-11D3-BF4B-00C04F79EFBC}") = "ContactList.BLL", "ContactList.BLL\ContactList.BLL.csproj", "{CCDF8235-978C-42D1-8A91-65F3833E8FE9}"
EndProject
Global
	GlobalSection(SolutionConfigurationPlatforms) = preSolution
		Debug|Any CPU = Debug|Any CPU
		Release|Any CPU = Release|Any CPU
	EndGlobalSection
	GlobalSection(ProjectConfigurationPlatforms) = postSolution
		{DB8B6CAF-4D5C-44F3-83BE-ADB371556F3D}.Debug|Any CPU.ActiveCfg = Debug|Any CPU
		{DB8B6CAF-4D5C-44F3-83BE-ADB371556F3D}.Debug|Any CPU.Build.0 = Debug|Any CPU
		{DB8B6CAF-4D5C-44F3-83BE-ADB371556F3D}.Release|Any CPU.ActiveCfg = Release|Any CPU
		{DB8B6CAF-4D5C-44F3-83BE-ADB371556F3D}.Release|Any CPU.Build.0 = Release|Any CPU
		{68BAA723-4616-49F8-890D-B4E7E9A09FD3}.Debug|Any CPU.ActiveCfg = Debug|Any CPU
		{68BAA723-4616-49F8-890D-B4E7E9A09FD3}.Debug|Any CPU.Build.0 = Debug|Any CPU
		{68BAA723-4616-49F8-890D-B4E7E9A09FD3}.Release|Any CPU.ActiveCfg = Release|Any CPU
		{68BAA723-4616-49F8-890D-B4E7E9A09FD3}.Release|Any CPU.Build.0 = Release|Any CPU
		{CCDF8235-978C-42D1-8A91-65F3833E8FE9}.Debug|Any CPU.ActiveCfg = Debug|Any CPU
		{CCDF8235-978C-42D1-8A91-65F3833E8FE9}.Debug|Any CPU.Build.0 = Debug|Any CPU
		{CCDF8235-978C-42D1-8A91-65F3833E8FE9}.Release|Any CPU.ActiveCfg = Release|Any CPU
		{CCDF8235-978C-42D1-8A91-65F3833E8FE9}.Release|Any CPU.Build.0 = Release|Any CPU
	EndGlobalSection
	GlobalSection(SolutionProperties) = preSolution
		HideSolutionNode = FALSE
	EndGlobalSection
	GlobalSection(ExtensibilityGlobals) = postSolution
		SolutionGuid = {4B70AD11-2ED3-4527-89B9-94916706DE1C}
	EndGlobalSection
EndGlobal
